
Microsoft Visual Studio Solution File, Format Version 11.00
# Visual Studio 2010
Project("{FAE04EC0-301F-11D3-BF4B-00C04F79EFBC}") = "batocera-install", "batocera-install\batocera-install.csproj", "{3AB028E9-C1FC-427B-B373-F387A72A7CE5}"
EndProject
Project("{FAE04EC0-301F-11D3-BF4B-00C04F79EFBC}") = "batocera-wifi", "batocera-wifi\batocera-wifi.csproj", "{31F8CD5F-09FA-4429-B050-EA99CFD9164A}"
EndProject
Project("{FAE04EC0-301F-11D3-BF4B-00C04F79EFBC}") = "batocera-systems", "batocera-systems\batocera-systems.csproj", "{77227A76-E2DB-4F1D-BD99-4875F109364C}"
EndProject
Project("{FAE04EC0-301F-11D3-BF4B-00C04F79EFBC}") = "batocera-retroachievements-info", "batocera-retroachievements-info\batocera-retroachievements-info.csproj", "{CC8DB3FC-5362-4D2A-AB64-453764C352A7}"
EndProject
Project("{FAE04EC0-301F-11D3-BF4B-00C04F79EFBC}") = "batocera-info", "batocera-info\batocera-info.csproj", "{443CBFF7-3E8E-4A1D-B6F2-939A34A028AA}"
EndProject
Project("{FAE04EC0-301F-11D3-BF4B-00C04F79EFBC}") = "emulatorLauncher", "emulatorLauncher\emulatorLauncher.csproj", "{BD82A5AA-00AD-40BF-BAE6-EF29FA1FC7C1}"
EndProject
Project("{FAE04EC0-301F-11D3-BF4B-00C04F79EFBC}") = "batocera-bluetooth", "batocera-bluetooth\batocera-bluetooth.csproj", "{1CC1B79B-CCD2-445A-89CC-BEA265B36CD0}"
EndProject
Project("{2150E333-8FDC-42A3-9474-1A3956D46DE8}") = "Solution Items", "Solution Items", "{56B39FFD-1B80-497D-BA0E-1B9D59CB9313}"
	ProjectSection(SolutionItems) = preProject
		7za.dll = 7za.dll
		7za.exe = 7za.exe
		7zxa.dll = 7zxa.dll
		build\appveyor.yml = build\appveyor.yml
		ILMerge.exe = ILMerge.exe
		pdftoppm.exe = pdftoppm.exe
		SharpDX.DirectInput.dll = SharpDX.DirectInput.dll
		SharpDX.dll = SharpDX.dll
		SharpDX.XInput.dll = SharpDX.XInput.dll
		unzip.exe = unzip.exe
		unzip32.dll = unzip32.dll
	EndProjectSection
EndProject
Global
	GlobalSection(SolutionConfigurationPlatforms) = preSolution
		Debug|x86 = Debug|x86
		Release|x86 = Release|x86
	EndGlobalSection
	GlobalSection(ProjectConfigurationPlatforms) = postSolution
		{3AB028E9-C1FC-427B-B373-F387A72A7CE5}.Debug|x86.ActiveCfg = Debug|x86
		{3AB028E9-C1FC-427B-B373-F387A72A7CE5}.Debug|x86.Build.0 = Debug|x86
		{3AB028E9-C1FC-427B-B373-F387A72A7CE5}.Release|x86.ActiveCfg = Release|x86
		{3AB028E9-C1FC-427B-B373-F387A72A7CE5}.Release|x86.Build.0 = Release|x86
		{31F8CD5F-09FA-4429-B050-EA99CFD9164A}.Debug|x86.ActiveCfg = Debug|x86
		{31F8CD5F-09FA-4429-B050-EA99CFD9164A}.Debug|x86.Build.0 = Debug|x86
		{31F8CD5F-09FA-4429-B050-EA99CFD9164A}.Release|x86.ActiveCfg = Release|x86
		{31F8CD5F-09FA-4429-B050-EA99CFD9164A}.Release|x86.Build.0 = Release|x86
		{77227A76-E2DB-4F1D-BD99-4875F109364C}.Debug|x86.ActiveCfg = Debug|x86
		{77227A76-E2DB-4F1D-BD99-4875F109364C}.Debug|x86.Build.0 = Debug|x86
		{77227A76-E2DB-4F1D-BD99-4875F109364C}.Release|x86.ActiveCfg = Release|x86
		{77227A76-E2DB-4F1D-BD99-4875F109364C}.Release|x86.Build.0 = Release|x86
		{CC8DB3FC-5362-4D2A-AB64-453764C352A7}.Debug|x86.ActiveCfg = Debug|x86
		{CC8DB3FC-5362-4D2A-AB64-453764C352A7}.Debug|x86.Build.0 = Debug|x86
		{CC8DB3FC-5362-4D2A-AB64-453764C352A7}.Release|x86.ActiveCfg = Release|x86
		{CC8DB3FC-5362-4D2A-AB64-453764C352A7}.Release|x86.Build.0 = Release|x86
		{443CBFF7-3E8E-4A1D-B6F2-939A34A028AA}.Debug|x86.ActiveCfg = Debug|x86
		{443CBFF7-3E8E-4A1D-B6F2-939A34A028AA}.Debug|x86.Build.0 = Debug|x86
		{443CBFF7-3E8E-4A1D-B6F2-939A34A028AA}.Release|x86.ActiveCfg = Release|x86
		{443CBFF7-3E8E-4A1D-B6F2-939A34A028AA}.Release|x86.Build.0 = Release|x86
		{BD82A5AA-00AD-40BF-BAE6-EF29FA1FC7C1}.Debug|x86.ActiveCfg = Debug|x86
		{BD82A5AA-00AD-40BF-BAE6-EF29FA1FC7C1}.Debug|x86.Build.0 = Debug|x86
		{BD82A5AA-00AD-40BF-BAE6-EF29FA1FC7C1}.Release|x86.ActiveCfg = Release|x86
		{BD82A5AA-00AD-40BF-BAE6-EF29FA1FC7C1}.Release|x86.Build.0 = Release|x86
		{1CC1B79B-CCD2-445A-89CC-BEA265B36CD0}.Debug|x86.ActiveCfg = Debug|x86
		{1CC1B79B-CCD2-445A-89CC-BEA265B36CD0}.Debug|x86.Build.0 = Debug|x86
		{1CC1B79B-CCD2-445A-89CC-BEA265B36CD0}.Release|x86.ActiveCfg = Release|x86
		{1CC1B79B-CCD2-445A-89CC-BEA265B36CD0}.Release|x86.Build.0 = Release|x86
	EndGlobalSection
	GlobalSection(SolutionProperties) = preSolution
		HideSolutionNode = FALSE
	EndGlobalSection
EndGlobal
