
Microsoft Visual Studio Solution File, Format Version 11.00
# Visual Studio 2010
Project("{FAE04EC0-301F-11D3-BF4B-00C04F79EFBC}") = "batocera-install", "batocera-install\batocera-install.csproj", "{3AB028E9-C1FC-427B-B373-F387A72A7CE5}"
EndProject
Project("{FAE04EC0-301F-11D3-BF4B-00C04F79EFBC}") = "batocera-wifi", "batocera-wifi\batocera-wifi.csproj", "{31F8CD5F-09FA-4429-B050-EA99CFD9164A}"
EndProject
Project("{FAE04EC0-301F-11D3-BF4B-00C04F79EFBC}") = "batocera-systems", "batocera-systems\batocera-systems.csproj", "{77227A76-E2DB-4F1D-BD99-4875F109364C}"
EndProject
Project("{FAE04EC0-301F-11D3-BF4B-00C04F79EFBC}") = "batocera-retroachievements-info", "batocera-retroachievements-info\batocera-retroachievements-info.csproj", "{CC8DB3FC-5362-4D2A-AB64-453764C352A7}"
EndProject
Project("{FAE04EC0-301F-11D3-BF4B-00C04F79EFBC}") = "batocera-info", "batocera-info\batocera-info.csproj", "{443CBFF7-3E8E-4A1D-B6F2-939A34A028AA}"
EndProject
Project("{FAE04EC0-301F-11D3-BF4B-00C04F79EFBC}") = "emulatorLauncher", "emulatorLauncher\emulatorLauncher.csproj", "{BD82A5AA-00AD-40BF-BAE6-EF29FA1FC7C1}"
EndProject
Project("{FAE04EC0-301F-11D3-BF4B-00C04F79EFBC}") = "batocera-bluetooth", "batocera-bluetooth\batocera-bluetooth.csproj", "{1CC1B79B-CCD2-445A-89CC-BEA265B36CD0}"
EndProject
Project("{2150E333-8FDC-42A3-9474-1A3956D46DE8}") = "Solution Items", "Solution Items", "{56B39FFD-1B80-497D-BA0E-1B9D59CB9313}"
	ProjectSection(SolutionItems) = preProject
		7z.dll = 7z.dll
		7z.exe = 7z.exe
		7za.dll = 7za.dll
		7za.exe = 7za.exe
		7zxa.dll = 7zxa.dll
		build\appveyor.yml = build\appveyor.yml
		ILMerge.exe = ILMerge.exe
		liblzma.dll = liblzma.dll
		liblzo2-2.dll = liblzo2-2.dll
		libsquashfs.dll = libsquashfs.dll
		libzstd.dll = libzstd.dll
		pdfinfo.exe = pdfinfo.exe
		pdftoppm.exe = pdftoppm.exe
		rdsquashfs.exe = rdsquashfs.exe
		SharpDX.DirectInput.dll = SharpDX.DirectInput.dll
		SharpDX.dll = SharpDX.dll
		SharpDX.XInput.dll = SharpDX.XInput.dll
		System.Compiler.dll = System.Compiler.dll
		unzip.exe = unzip.exe
		unzip32.dll = unzip32.dll
		xbox-iso-vfs.exe = xbox-iso-vfs.exe
	EndProjectSection
EndProject
Project("{FAE04EC0-301F-11D3-BF4B-00C04F79EFBC}") = "batocera-store", "batocera-store\batocera-store.csproj", "{2F5E074A-27DC-4551-BE24-95BB2C45BA4E}"
EndProject
Project("{FAE04EC0-301F-11D3-BF4B-00C04F79EFBC}") = "batocera-padsinfo", "batocera-padsinfo\batocera-padsinfo.csproj", "{D954B2EF-E800-4F01-ADA8-4058AF6C7897}"
EndProject
Project("{FAE04EC0-301F-11D3-BF4B-00C04F79EFBC}") = "mount", "mount\mount.csproj", "{FE4B5BD2-D1BE-4B31-B9D8-B8060BA2174A}"
EndProject
Project("{2150E333-8FDC-42A3-9474-1A3956D46DE8}") = ".emulationstation", ".emulationstation", "{2BEB480F-A324-4861-AAFF-C36BE928631B}"
	ProjectSection(SolutionItems) = preProject
		.emulationstation\es_features.cfg = .emulationstation\es_features.cfg
		.emulationstation\es_savestates.cfg = .emulationstation\es_savestates.cfg
	EndProjectSection
EndProject
Project("{FAE04EC0-301F-11D3-BF4B-00C04F79EFBC}") = "es-checkversion", "es-checkversion\es-checkversion.csproj", "{F7712D7C-5B06-4C9E-B5F1-543A0207444E}"
EndProject
Project("{FAE04EC0-301F-11D3-BF4B-00C04F79EFBC}") = "es-update", "es-update\es-update.csproj", "{33BA5195-888A-4615-9AC3-C9A90187AC3A}"
EndProject
Project("{FAE04EC0-301F-11D3-BF4B-00C04F79EFBC}") = "EmulatorLauncher.Common", "EmulatorLauncher.Common\EmulatorLauncher.Common.csproj", "{A51ED514-5156-42D4-AD7E-82BCA96FEE05}"
EndProject
Project("{FAE04EC0-301F-11D3-BF4B-00C04F79EFBC}") = "batocera-services", "batocera-services\batocera-services.csproj", "{6237BB6C-0775-4ACC-9F53-2F98AB970EEF}"
EndProject
Global
	GlobalSection(SolutionConfigurationPlatforms) = preSolution
		Debug|Any CPU = Debug|Any CPU
		Debug|x86 = Debug|x86
		Release|Any CPU = Release|Any CPU
		Release|x86 = Release|x86
	EndGlobalSection
	GlobalSection(ProjectConfigurationPlatforms) = postSolution
		{3AB028E9-C1FC-427B-B373-F387A72A7CE5}.Debug|Any CPU.ActiveCfg = Debug|Any CPU
		{3AB028E9-C1FC-427B-B373-F387A72A7CE5}.Debug|Any CPU.Build.0 = Debug|Any CPU
		{3AB028E9-C1FC-427B-B373-F387A72A7CE5}.Debug|x86.ActiveCfg = Debug|Any CPU
		{3AB028E9-C1FC-427B-B373-F387A72A7CE5}.Release|Any CPU.ActiveCfg = Release|Any CPU
		{3AB028E9-C1FC-427B-B373-F387A72A7CE5}.Release|x86.ActiveCfg = Release|Any CPU
		{31F8CD5F-09FA-4429-B050-EA99CFD9164A}.Debug|Any CPU.ActiveCfg = Debug|Any CPU
		{31F8CD5F-09FA-4429-B050-EA99CFD9164A}.Debug|Any CPU.Build.0 = Debug|Any CPU
		{31F8CD5F-09FA-4429-B050-EA99CFD9164A}.Debug|x86.ActiveCfg = Debug|Any CPU
		{31F8CD5F-09FA-4429-B050-EA99CFD9164A}.Release|Any CPU.ActiveCfg = Release|Any CPU
		{31F8CD5F-09FA-4429-B050-EA99CFD9164A}.Release|x86.ActiveCfg = Release|Any CPU
		{77227A76-E2DB-4F1D-BD99-4875F109364C}.Debug|Any CPU.ActiveCfg = Debug|Any CPU
		{77227A76-E2DB-4F1D-BD99-4875F109364C}.Debug|Any CPU.Build.0 = Debug|Any CPU
		{77227A76-E2DB-4F1D-BD99-4875F109364C}.Debug|x86.ActiveCfg = Debug|Any CPU
		{77227A76-E2DB-4F1D-BD99-4875F109364C}.Release|Any CPU.ActiveCfg = Release|Any CPU
		{77227A76-E2DB-4F1D-BD99-4875F109364C}.Release|Any CPU.Build.0 = Release|Any CPU
		{77227A76-E2DB-4F1D-BD99-4875F109364C}.Release|x86.ActiveCfg = Release|Any CPU
		{CC8DB3FC-5362-4D2A-AB64-453764C352A7}.Debug|Any CPU.ActiveCfg = Debug|Any CPU
		{CC8DB3FC-5362-4D2A-AB64-453764C352A7}.Debug|Any CPU.Build.0 = Debug|Any CPU
		{CC8DB3FC-5362-4D2A-AB64-453764C352A7}.Debug|x86.ActiveCfg = Debug|Any CPU
		{CC8DB3FC-5362-4D2A-AB64-453764C352A7}.Release|Any CPU.ActiveCfg = Release|Any CPU
		{CC8DB3FC-5362-4D2A-AB64-453764C352A7}.Release|Any CPU.Build.0 = Release|Any CPU
		{CC8DB3FC-5362-4D2A-AB64-453764C352A7}.Release|x86.ActiveCfg = Release|Any CPU
		{443CBFF7-3E8E-4A1D-B6F2-939A34A028AA}.Debug|Any CPU.ActiveCfg = Debug|Any CPU
		{443CBFF7-3E8E-4A1D-B6F2-939A34A028AA}.Debug|Any CPU.Build.0 = Debug|Any CPU
		{443CBFF7-3E8E-4A1D-B6F2-939A34A028AA}.Debug|x86.ActiveCfg = Debug|Any CPU
		{443CBFF7-3E8E-4A1D-B6F2-939A34A028AA}.Release|Any CPU.ActiveCfg = Release|Any CPU
		{443CBFF7-3E8E-4A1D-B6F2-939A34A028AA}.Release|x86.ActiveCfg = Release|Any CPU
		{BD82A5AA-00AD-40BF-BAE6-EF29FA1FC7C1}.Debug|Any CPU.ActiveCfg = Debug|Any CPU
		{BD82A5AA-00AD-40BF-BAE6-EF29FA1FC7C1}.Debug|Any CPU.Build.0 = Debug|Any CPU
		{BD82A5AA-00AD-40BF-BAE6-EF29FA1FC7C1}.Debug|x86.ActiveCfg = Debug|Any CPU
		{BD82A5AA-00AD-40BF-BAE6-EF29FA1FC7C1}.Release|Any CPU.ActiveCfg = Release|Any CPU
		{BD82A5AA-00AD-40BF-BAE6-EF29FA1FC7C1}.Release|Any CPU.Build.0 = Release|Any CPU
		{BD82A5AA-00AD-40BF-BAE6-EF29FA1FC7C1}.Release|x86.ActiveCfg = Release|Any CPU
		{1CC1B79B-CCD2-445A-89CC-BEA265B36CD0}.Debug|Any CPU.ActiveCfg = Debug|Any CPU
		{1CC1B79B-CCD2-445A-89CC-BEA265B36CD0}.Debug|Any CPU.Build.0 = Debug|Any CPU
		{1CC1B79B-CCD2-445A-89CC-BEA265B36CD0}.Debug|x86.ActiveCfg = Debug|Any CPU
		{1CC1B79B-CCD2-445A-89CC-BEA265B36CD0}.Release|Any CPU.ActiveCfg = Release|Any CPU
		{1CC1B79B-CCD2-445A-89CC-BEA265B36CD0}.Release|x86.ActiveCfg = Release|Any CPU
		{2F5E074A-27DC-4551-BE24-95BB2C45BA4E}.Debug|Any CPU.ActiveCfg = Debug|Any CPU
		{2F5E074A-27DC-4551-BE24-95BB2C45BA4E}.Debug|Any CPU.Build.0 = Debug|Any CPU
		{2F5E074A-27DC-4551-BE24-95BB2C45BA4E}.Debug|x86.ActiveCfg = Debug|Any CPU
		{2F5E074A-27DC-4551-BE24-95BB2C45BA4E}.Release|Any CPU.ActiveCfg = Release|Any CPU
		{2F5E074A-27DC-4551-BE24-95BB2C45BA4E}.Release|Any CPU.Build.0 = Release|Any CPU
		{2F5E074A-27DC-4551-BE24-95BB2C45BA4E}.Release|x86.ActiveCfg = Release|Any CPU
		{D954B2EF-E800-4F01-ADA8-4058AF6C7897}.Debug|Any CPU.ActiveCfg = Debug|Any CPU
		{D954B2EF-E800-4F01-ADA8-4058AF6C7897}.Debug|Any CPU.Build.0 = Debug|Any CPU
		{D954B2EF-E800-4F01-ADA8-4058AF6C7897}.Debug|x86.ActiveCfg = Debug|Any CPU
		{D954B2EF-E800-4F01-ADA8-4058AF6C7897}.Release|Any CPU.ActiveCfg = Release|Any CPU
		{D954B2EF-E800-4F01-ADA8-4058AF6C7897}.Release|x86.ActiveCfg = Release|Any CPU
		{FE4B5BD2-D1BE-4B31-B9D8-B8060BA2174A}.Debug|Any CPU.ActiveCfg = Debug|Any CPU
		{FE4B5BD2-D1BE-4B31-B9D8-B8060BA2174A}.Debug|Any CPU.Build.0 = Debug|Any CPU
		{FE4B5BD2-D1BE-4B31-B9D8-B8060BA2174A}.Debug|x86.ActiveCfg = Debug|Any CPU
		{FE4B5BD2-D1BE-4B31-B9D8-B8060BA2174A}.Release|Any CPU.ActiveCfg = Release|Any CPU
		{FE4B5BD2-D1BE-4B31-B9D8-B8060BA2174A}.Release|Any CPU.Build.0 = Release|Any CPU
		{FE4B5BD2-D1BE-4B31-B9D8-B8060BA2174A}.Release|x86.ActiveCfg = Release|Any CPU
		{F7712D7C-5B06-4C9E-B5F1-543A0207444E}.Debug|Any CPU.ActiveCfg = Debug|Any CPU
		{F7712D7C-5B06-4C9E-B5F1-543A0207444E}.Debug|Any CPU.Build.0 = Debug|Any CPU
		{F7712D7C-5B06-4C9E-B5F1-543A0207444E}.Debug|x86.ActiveCfg = Debug|Any CPU
		{F7712D7C-5B06-4C9E-B5F1-543A0207444E}.Release|Any CPU.ActiveCfg = Release|Any CPU
		{F7712D7C-5B06-4C9E-B5F1-543A0207444E}.Release|Any CPU.Build.0 = Release|Any CPU
		{F7712D7C-5B06-4C9E-B5F1-543A0207444E}.Release|x86.ActiveCfg = Release|Any CPU
		{33BA5195-888A-4615-9AC3-C9A90187AC3A}.Debug|Any CPU.ActiveCfg = Debug|Any CPU
		{33BA5195-888A-4615-9AC3-C9A90187AC3A}.Debug|Any CPU.Build.0 = Debug|Any CPU
		{33BA5195-888A-4615-9AC3-C9A90187AC3A}.Debug|x86.ActiveCfg = Debug|Any CPU
		{33BA5195-888A-4615-9AC3-C9A90187AC3A}.Release|Any CPU.ActiveCfg = Release|Any CPU
		{33BA5195-888A-4615-9AC3-C9A90187AC3A}.Release|Any CPU.Build.0 = Release|Any CPU
		{33BA5195-888A-4615-9AC3-C9A90187AC3A}.Release|x86.ActiveCfg = Release|Any CPU
		{A51ED514-5156-42D4-AD7E-82BCA96FEE05}.Debug|Any CPU.ActiveCfg = Debug|Any CPU
		{A51ED514-5156-42D4-AD7E-82BCA96FEE05}.Debug|Any CPU.Build.0 = Debug|Any CPU
		{A51ED514-5156-42D4-AD7E-82BCA96FEE05}.Debug|x86.ActiveCfg = Debug|Any CPU
		{A51ED514-5156-42D4-AD7E-82BCA96FEE05}.Release|Any CPU.ActiveCfg = Release|Any CPU
		{A51ED514-5156-42D4-AD7E-82BCA96FEE05}.Release|Any CPU.Build.0 = Release|Any CPU
		{A51ED514-5156-42D4-AD7E-82BCA96FEE05}.Release|x86.ActiveCfg = Release|Any CPU
		{6237BB6C-0775-4ACC-9F53-2F98AB970EEF}.Debug|Any CPU.ActiveCfg = Debug|Any CPU
		{6237BB6C-0775-4ACC-9F53-2F98AB970EEF}.Debug|Any CPU.Build.0 = Debug|Any CPU
		{6237BB6C-0775-4ACC-9F53-2F98AB970EEF}.Debug|x86.ActiveCfg = Debug|x86
		{6237BB6C-0775-4ACC-9F53-2F98AB970EEF}.Debug|x86.Build.0 = Debug|x86
		{6237BB6C-0775-4ACC-9F53-2F98AB970EEF}.Release|Any CPU.ActiveCfg = Release|Any CPU
		{6237BB6C-0775-4ACC-9F53-2F98AB970EEF}.Release|x86.ActiveCfg = Release|x86
		{6237BB6C-0775-4ACC-9F53-2F98AB970EEF}.Release|x86.Build.0 = Release|x86
	EndGlobalSection
	GlobalSection(SolutionProperties) = preSolution
		HideSolutionNode = FALSE
	EndGlobalSection
	GlobalSection(NestedProjects) = preSolution
		{2BEB480F-A324-4861-AAFF-C36BE928631B} = {56B39FFD-1B80-497D-BA0E-1B9D59CB9313}
	EndGlobalSection
EndGlobal
